
Microsoft Visual Studio Solution File, Format Version 12.00
# Visual Studio Version 17
VisualStudioVersion = 17.11.35303.130
MinimumVisualStudioVersion = 10.0.40219.1
Project("{9A19103F-16F7-4668-BE54-9A1E7A4F7556}") = "ProductContract", "BookContract\ProductContract.csproj", "{B6BADCB3-6326-4D78-B7EA-33E648B98B45}"
EndProject
Project("{9A19103F-16F7-4668-BE54-9A1E7A4F7556}") = "ProductDatabaseImplement", "BookDatabaseImplement\ProductDatabaseImplement.csproj", "{1ADFC6AE-FBB7-405C-9D0E-80E1EB5E15F9}"
EndProject
Project("{9A19103F-16F7-4668-BE54-9A1E7A4F7556}") = "Desktop", "Desktop\Desktop.csproj", "{193A14AF-1D66-4FE6-B463-A985BE2E63BB}"
EndProject
Project("{9A19103F-16F7-4668-BE54-9A1E7A4F7556}") = "Test", "Test\Test.csproj", "{67A97857-028F-4E5B-A9CF-BDEFD8699C25}"
EndProject
Project("{9A19103F-16F7-4668-BE54-9A1E7A4F7556}") = "ProductBusinessLogic", "BookBusinessLogic\ProductBusinessLogic.csproj", "{1FCCA8B4-9391-4F9E-AF1F-556C56EAA352}"
EndProject
Project("{9A19103F-16F7-4668-BE54-9A1E7A4F7556}") = "PluginsConventionLibrary", "PluginsConventionLibrary\PluginsConventionLibrary.csproj", "{7EF65ABE-1CAF-454F-A5B8-9DF1C5BC7F43}"
EndProject
Project("{9A19103F-16F7-4668-BE54-9A1E7A4F7556}") = "DesktopPlugins", "DesktopPlugins\DesktopPlugins.csproj", "{8F2EF9B3-B310-479F-A16D-F297990E5A03}"
EndProject
Global
	GlobalSection(SolutionConfigurationPlatforms) = preSolution
		Debug|Any CPU = Debug|Any CPU
		Release|Any CPU = Release|Any CPU
	EndGlobalSection
	GlobalSection(ProjectConfigurationPlatforms) = postSolution
		{B6BADCB3-6326-4D78-B7EA-33E648B98B45}.Debug|Any CPU.ActiveCfg = Debug|Any CPU
		{B6BADCB3-6326-4D78-B7EA-33E648B98B45}.Debug|Any CPU.Build.0 = Debug|Any CPU
		{B6BADCB3-6326-4D78-B7EA-33E648B98B45}.Release|Any CPU.ActiveCfg = Release|Any CPU
		{B6BADCB3-6326-4D78-B7EA-33E648B98B45}.Release|Any CPU.Build.0 = Release|Any CPU
		{1ADFC6AE-FBB7-405C-9D0E-80E1EB5E15F9}.Debug|Any CPU.ActiveCfg = Debug|Any CPU
		{1ADFC6AE-FBB7-405C-9D0E-80E1EB5E15F9}.Debug|Any CPU.Build.0 = Debug|Any CPU
		{1ADFC6AE-FBB7-405C-9D0E-80E1EB5E15F9}.Release|Any CPU.ActiveCfg = Release|Any CPU
		{1ADFC6AE-FBB7-405C-9D0E-80E1EB5E15F9}.Release|Any CPU.Build.0 = Release|Any CPU
		{193A14AF-1D66-4FE6-B463-A985BE2E63BB}.Debug|Any CPU.ActiveCfg = Debug|Any CPU
		{193A14AF-1D66-4FE6-B463-A985BE2E63BB}.Debug|Any CPU.Build.0 = Debug|Any CPU
		{193A14AF-1D66-4FE6-B463-A985BE2E63BB}.Release|Any CPU.ActiveCfg = Release|Any CPU
		{193A14AF-1D66-4FE6-B463-A985BE2E63BB}.Release|Any CPU.Build.0 = Release|Any CPU
		{67A97857-028F-4E5B-A9CF-BDEFD8699C25}.Debug|Any CPU.ActiveCfg = Debug|Any CPU
		{67A97857-028F-4E5B-A9CF-BDEFD8699C25}.Debug|Any CPU.Build.0 = Debug|Any CPU
		{67A97857-028F-4E5B-A9CF-BDEFD8699C25}.Release|Any CPU.ActiveCfg = Release|Any CPU
		{67A97857-028F-4E5B-A9CF-BDEFD8699C25}.Release|Any CPU.Build.0 = Release|Any CPU
		{1FCCA8B4-9391-4F9E-AF1F-556C56EAA352}.Debug|Any CPU.ActiveCfg = Debug|Any CPU
		{1FCCA8B4-9391-4F9E-AF1F-556C56EAA352}.Debug|Any CPU.Build.0 = Debug|Any CPU
		{1FCCA8B4-9391-4F9E-AF1F-556C56EAA352}.Release|Any CPU.ActiveCfg = Release|Any CPU
		{1FCCA8B4-9391-4F9E-AF1F-556C56EAA352}.Release|Any CPU.Build.0 = Release|Any CPU
		{7EF65ABE-1CAF-454F-A5B8-9DF1C5BC7F43}.Debug|Any CPU.ActiveCfg = Debug|Any CPU
		{7EF65ABE-1CAF-454F-A5B8-9DF1C5BC7F43}.Debug|Any CPU.Build.0 = Debug|Any CPU
		{7EF65ABE-1CAF-454F-A5B8-9DF1C5BC7F43}.Release|Any CPU.ActiveCfg = Release|Any CPU
		{7EF65ABE-1CAF-454F-A5B8-9DF1C5BC7F43}.Release|Any CPU.Build.0 = Release|Any CPU
		{8F2EF9B3-B310-479F-A16D-F297990E5A03}.Debug|Any CPU.ActiveCfg = Debug|Any CPU
		{8F2EF9B3-B310-479F-A16D-F297990E5A03}.Debug|Any CPU.Build.0 = Debug|Any CPU
		{8F2EF9B3-B310-479F-A16D-F297990E5A03}.Release|Any CPU.ActiveCfg = Release|Any CPU
		{8F2EF9B3-B310-479F-A16D-F297990E5A03}.Release|Any CPU.Build.0 = Release|Any CPU
	EndGlobalSection
	GlobalSection(SolutionProperties) = preSolution
		HideSolutionNode = FALSE
	EndGlobalSection
	GlobalSection(ExtensibilityGlobals) = postSolution
		SolutionGuid = {05DA2BD9-9B6D-4B78-897A-1EEAEEA4139A}
	EndGlobalSection
EndGlobal
